
Microsoft Visual Studio Solution File, Format Version 12.00
# Visual Studio Version 17
VisualStudioVersion = 17.11.35327.3
MinimumVisualStudioVersion = 10.0.40219.1
Project("{FAE04EC0-301F-11D3-BF4B-00C04F79EFBC}") = "projectit", "projectit\projectit.csproj", "{EE5713B3-22B0-4478-8296-AAEC469871F2}"
EndProject
Global
	GlobalSection(SolutionConfigurationPlatforms) = preSolution
		Debug|Any CPU = Debug|Any CPU
		Release|Any CPU = Release|Any CPU
	EndGlobalSection
	GlobalSection(ProjectConfigurationPlatforms) = postSolution
		{EE5713B3-22B0-4478-8296-AAEC469871F2}.Debug|Any CPU.ActiveCfg = Debug|Any CPU
		{EE5713B3-22B0-4478-8296-AAEC469871F2}.Debug|Any CPU.Build.0 = Debug|Any CPU
		{EE5713B3-22B0-4478-8296-AAEC469871F2}.Release|Any CPU.ActiveCfg = Release|Any CPU
		{EE5713B3-22B0-4478-8296-AAEC469871F2}.Release|Any CPU.Build.0 = Release|Any CPU
	EndGlobalSection
	GlobalSection(SolutionProperties) = preSolution
		HideSolutionNode = FALSE
	EndGlobalSection
	GlobalSection(ExtensibilityGlobals) = postSolution
		SolutionGuid = {731C5D3A-E097-48E2-834D-27AB4A9F38DB}
	EndGlobalSection
EndGlobal
